// !$*UTF8*$!
{
	archiveVersion = 1;
	classes = {
	};
	objectVersion = 46;
	objects = {

/* Begin PBXBuildFile section */
		A0A80C171E24C5C9005B91FB /* AppDelegate.swift in Sources */ = {isa = PBXBuildFile; fileRef = A0A80C161E24C5C9005B91FB /* AppDelegate.swift */; };
		A0A80C191E24C5C9005B91FB /* ViewController.swift in Sources */ = {isa = PBXBuildFile; fileRef = A0A80C181E24C5C9005B91FB /* ViewController.swift */; };
		A0A80C1C1E24C5C9005B91FB /* Main.storyboard in Resources */ = {isa = PBXBuildFile; fileRef = A0A80C1A1E24C5C9005B91FB /* Main.storyboard */; };
		A0A80C1E1E24C5C9005B91FB /* Assets.xcassets in Resources */ = {isa = PBXBuildFile; fileRef = A0A80C1D1E24C5C9005B91FB /* Assets.xcassets */; };
		A0A80C211E24C5C9005B91FB /* LaunchScreen.storyboard in Resources */ = {isa = PBXBuildFile; fileRef = A0A80C1F1E24C5C9005B91FB /* LaunchScreen.storyboard */; };
		A0A80C291E24D65D005B91FB /* ShareActivityItemProvider.swift in Sources */ = {isa = PBXBuildFile; fileRef = A0A80C281E24D65D005B91FB /* ShareActivityItemProvider.swift */; };
		A0A80C2B1E24D864005B91FB /* TextActivityItemProvider.swift in Sources */ = {isa = PBXBuildFile; fileRef = A0A80C2A1E24D864005B91FB /* TextActivityItemProvider.swift */; };
		A0A80C2D1E24D871005B91FB /* UrlActivityItemProvider.swift in Sources */ = {isa = PBXBuildFile; fileRef = A0A80C2C1E24D871005B91FB /* UrlActivityItemProvider.swift */; };
/* End PBXBuildFile section */

/* Begin PBXFileReference section */
		A0A80C131E24C5C9005B91FB /* UIActivityViewControllerDemo.app */ = {isa = PBXFileReference; explicitFileType = wrapper.application; includeInIndex = 0; path = UIActivityViewControllerDemo.app; sourceTree = BUILT_PRODUCTS_DIR; };
		A0A80C161E24C5C9005B91FB /* AppDelegate.swift */ = {isa = PBXFileReference; lastKnownFileType = sourcecode.swift; path = AppDelegate.swift; sourceTree = "<group>"; };
		A0A80C181E24C5C9005B91FB /* ViewController.swift */ = {isa = PBXFileReference; lastKnownFileType = sourcecode.swift; path = ViewController.swift; sourceTree = "<group>"; };
		A0A80C1B1E24C5C9005B91FB /* Base */ = {isa = PBXFileReference; lastKnownFileType = file.storyboard; name = Base; path = Base.lproj/Main.storyboard; sourceTree = "<group>"; };
		A0A80C1D1E24C5C9005B91FB /* Assets.xcassets */ = {isa = PBXFileReference; lastKnownFileType = folder.assetcatalog; path = Assets.xcassets; sourceTree = "<group>"; };
		A0A80C201E24C5C9005B91FB /* Base */ = {isa = PBXFileReference; lastKnownFileType = file.storyboard; name = Base; path = Base.lproj/LaunchScreen.storyboard; sourceTree = "<group>"; };
		A0A80C221E24C5C9005B91FB /* Info.plist */ = {isa = PBXFileReference; lastKnownFileType = text.plist.xml; path = Info.plist; sourceTree = "<group>"; };
		A0A80C281E24D65D005B91FB /* ShareActivityItemProvider.swift */ = {isa = PBXFileReference; fileEncoding = 4; lastKnownFileType = sourcecode.swift; path = ShareActivityItemProvider.swift; sourceTree = "<group>"; };
		A0A80C2A1E24D864005B91FB /* TextActivityItemProvider.swift */ = {isa = PBXFileReference; fileEncoding = 4; lastKnownFileType = sourcecode.swift; path = TextActivityItemProvider.swift; sourceTree = "<group>"; };
		A0A80C2C1E24D871005B91FB /* UrlActivityItemProvider.swift */ = {isa = PBXFileReference; fileEncoding = 4; lastKnownFileType = sourcecode.swift; path = UrlActivityItemProvider.swift; sourceTree = "<group>"; };
/* End PBXFileReference section */

/* Begin PBXFrameworksBuildPhase section */
		A0A80C101E24C5C9005B91FB /* Frameworks */ = {
			isa = PBXFrameworksBuildPhase;
			buildActionMask = 2147483647;
			files = (
			);
			runOnlyForDeploymentPostprocessing = 0;
		};
/* End PBXFrameworksBuildPhase section */

/* Begin PBXGroup section */
		A0A80C0A1E24C5C9005B91FB = {
			isa = PBXGroup;
			children = (
				A0A80C151E24C5C9005B91FB /* UIActivityViewControllerDemo */,
				A0A80C141E24C5C9005B91FB /* Products */,
			);
			sourceTree = "<group>";
		};
		A0A80C141E24C5C9005B91FB /* Products */ = {
			isa = PBXGroup;
			children = (
				A0A80C131E24C5C9005B91FB /* UIActivityViewControllerDemo.app */,
			);
			name = Products;
			sourceTree = "<group>";
		};
		A0A80C151E24C5C9005B91FB /* UIActivityViewControllerDemo */ = {
			isa = PBXGroup;
			children = (
				A0A80C161E24C5C9005B91FB /* AppDelegate.swift */,
				A0A80C181E24C5C9005B91FB /* ViewController.swift */,
				A0A80C1A1E24C5C9005B91FB /* Main.storyboard */,
				A0A80C1D1E24C5C9005B91FB /* Assets.xcassets */,
				A0A80C1F1E24C5C9005B91FB /* LaunchScreen.storyboard */,
				A0A80C221E24C5C9005B91FB /* Info.plist */,
				A0A80C281E24D65D005B91FB /* ShareActivityItemProvider.swift */,
				A0A80C2A1E24D864005B91FB /* TextActivityItemProvider.swift */,
				A0A80C2C1E24D871005B91FB /* UrlActivityItemProvider.swift */,
			);
			path = UIActivityViewControllerDemo;
			sourceTree = "<group>";
		};
/* End PBXGroup section */

/* Begin PBXNativeTarget section */
		A0A80C121E24C5C9005B91FB /* UIActivityViewControllerDemo */ = {
			isa = PBXNativeTarget;
			buildConfigurationList = A0A80C251E24C5C9005B91FB /* Build configuration list for PBXNativeTarget "UIActivityViewControllerDemo" */;
			buildPhases = (
				A0A80C0F1E24C5C9005B91FB /* Sources */,
				A0A80C101E24C5C9005B91FB /* Frameworks */,
				A0A80C111E24C5C9005B91FB /* Resources */,
			);
			buildRules = (
			);
			dependencies = (
			);
			name = UIActivityViewControllerDemo;
			productName = UIActivityViewControllerDemo;
			productReference = A0A80C131E24C5C9005B91FB /* UIActivityViewControllerDemo.app */;
			productType = "com.apple.product-type.application";
		};
/* End PBXNativeTarget section */

/* Begin PBXProject section */
		A0A80C0B1E24C5C9005B91FB /* Project object */ = {
			isa = PBXProject;
			attributes = {
				LastSwiftUpdateCheck = 0820;
				LastUpgradeCheck = 0820;
				ORGANIZATIONNAME = yhw;
				TargetAttributes = {
					A0A80C121E24C5C9005B91FB = {
						CreatedOnToolsVersion = 8.2.1;
						ProvisioningStyle = Automatic;
					};
				};
			};
			buildConfigurationList = A0A80C0E1E24C5C9005B91FB /* Build configuration list for PBXProject "UIActivityViewControllerDemo" */;
			compatibilityVersion = "Xcode 3.2";
			developmentRegion = English;
			hasScannedForEncodings = 0;
			knownRegions = (
				en,
				Base,
			);
			mainGroup = A0A80C0A1E24C5C9005B91FB;
			productRefGroup = A0A80C141E24C5C9005B91FB /* Products */;
			projectDirPath = "";
			projectRoot = "";
			targets = (
				A0A80C121E24C5C9005B91FB /* UIActivityViewControllerDemo */,
			);
		};
/* End PBXProject section */

/* Begin PBXResourcesBuildPhase section */
		A0A80C111E24C5C9005B91FB /* Resources */ = {
			isa = PBXResourcesBuildPhase;
			buildActionMask = 2147483647;
			files = (
				A0A80C211E24C5C9005B91FB /* LaunchScreen.storyboard in Resources */,
				A0A80C1E1E24C5C9005B91FB /* Assets.xcassets in Resources */,
				A0A80C1C1E24C5C9005B91FB /* Main.storyboard in Resources */,
			);
			runOnlyForDeploymentPostprocessing = 0;
		};
/* End PBXResourcesBuildPhase section */

/* Begin PBXSourcesBuildPhase section */
		A0A80C0F1E24C5C9005B91FB /* Sources */ = {
			isa = PBXSourcesBuildPhase;
			buildActionMask = 2147483647;
			files = (
				A0A80C191E24C5C9005B91FB /* ViewController.swift in Sources */,
				A0A80C2B1E24D864005B91FB /* TextActivityItemProvider.swift in Sources */,
				A0A80C2D1E24D871005B91FB /* UrlActivityItemProvider.swift in Sources */,
				A0A80C291E24D65D005B91FB /* ShareActivityItemProvider.swift in Sources */,
				A0A80C171E24C5C9005B91FB /* AppDelegate.swift in Sources */,
			);
			runOnlyForDeploymentPostprocessing = 0;
		};
/* End PBXSourcesBuildPhase section */

/* Begin PBXVariantGroup section */
		A0A80C1A1E24C5C9005B91FB /* Main.storyboard */ = {
			isa = PBXVariantGroup;
			children = (
				A0A80C1B1E24C5C9005B91FB /* Base */,
			);
			name = Main.storyboard;
			sourceTree = "<group>";
		};
		A0A80C1F1E24C5C9005B91FB /* LaunchScreen.storyboard */ = {
			isa = PBXVariantGroup;
			children = (
				A0A80C201E24C5C9005B91FB /* Base */,
			);
			name = LaunchScreen.storyboard;
			sourceTree = "<group>";
		};
/* End PBXVariantGroup section */

/* Begin XCBuildConfiguration section */
		A0A80C231E24C5C9005B91FB /* Debug */ = {
			isa = XCBuildConfiguration;
			buildSettings = {
				ALWAYS_SEARCH_USER_PATHS = NO;
				CLANG_ANALYZER_NONNULL = YES;
				CLANG_CXX_LANGUAGE_STANDARD = "gnu++0x";
				CLANG_CXX_LIBRARY = "libc++";
				CLANG_ENABLE_MODULES = YES;
				CLANG_ENABLE_OBJC_ARC = YES;
				CLANG_WARN_BOOL_CONVERSION = YES;
				CLANG_WARN_CONSTANT_CONVERSION = YES;
				CLANG_WARN_DIRECT_OBJC_ISA_USAGE = YES_ERROR;
				CLANG_WARN_DOCUMENTATION_COMMENTS = YES;
				CLANG_WARN_EMPTY_BODY = YES;
				CLANG_WARN_ENUM_CONVERSION = YES;
				CLANG_WARN_INFINITE_RECURSION = YES;
				CLANG_WARN_INT_CONVERSION = YES;
				CLANG_WARN_OBJC_ROOT_CLASS = YES_ERROR;
				CLANG_WARN_SUSPICIOUS_MOVE = YES;
				CLANG_WARN_UNREACHABLE_CODE = YES;
				CLANG_WARN__DUPLICATE_METHOD_MATCH = YES;
				"CODE_SIGN_IDENTITY[sdk=iphoneos*]" = "iPhone Developer";
				COPY_PHASE_STRIP = NO;
				DEBUG_INFORMATION_FORMAT = dwarf;
				ENABLE_STRICT_OBJC_MSGSEND = YES;
				ENABLE_TESTABILITY = YES;
				GCC_C_LANGUAGE_STANDARD = gnu99;
				GCC_DYNAMIC_NO_PIC = NO;
				GCC_NO_COMMON_BLOCKS = YES;
				GCC_OPTIMIZATION_LEVEL = 0;
				GCC_PREPROCESSOR_DEFINITIONS = (
					"DEBUG=1",
					"$(inherited)",
				);
				GCC_WARN_64_TO_32_BIT_CONVERSION = YES;
				GCC_WARN_ABOUT_RETURN_TYPE = YES_ERROR;
				GCC_WARN_UNDECLARED_SELECTOR = YES;
				GCC_WARN_UNINITIALIZED_AUTOS = YES_AGGRESSIVE;
				GCC_WARN_UNUSED_FUNCTION = YES;
				GCC_WARN_UNUSED_VARIABLE = YES;
				IPHONEOS_DEPLOYMENT_TARGET = 8.0;
				MTL_ENABLE_DEBUG_INFO = YES;
				ONLY_ACTIVE_ARCH = YES;
				SDKROOT = iphoneos;
				SWIFT_ACTIVE_COMPILATION_CONDITIONS = DEBUG;
				SWIFT_OPTIMIZATION_LEVEL = "-Onone";
				TARGETED_DEVICE_FAMILY = "1,2";
			};
			name = Debug;
		};
		A0A80C241E24C5C9005B91FB /* Release */ = {
			isa = XCBuildConfiguration;
			buildSettings = {
				ALWAYS_SEARCH_USER_PATHS = NO;
				CLANG_ANALYZER_NONNULL = YES;
				CLANG_CXX_LANGUAGE_STANDARD = "gnu++0x";
				CLANG_CXX_LIBRARY = "libc++";
				CLANG_ENABLE_MODULES = YES;
				CLANG_ENABLE_OBJC_ARC = YES;
				CLANG_WARN_BOOL_CONVERSION = YES;
				CLANG_WARN_CONSTANT_CONVERSION = YES;
				CLANG_WARN_DIRECT_OBJC_ISA_USAGE = YES_ERROR;
				CLANG_WARN_DOCUMENTATION_COMMENTS = YES;
				CLANG_WARN_EMPTY_BODY = YES;
				CLANG_WARN_ENUM_CONVERSION = YES;
				CLANG_WARN_INFINITE_RECURSION = YES;
				CLANG_WARN_INT_CONVERSION = YES;
				CLANG_WARN_OBJC_ROOT_CLASS = YES_ERROR;
				CLANG_WARN_SUSPICIOUS_MOVE = YES;
				CLANG_WARN_UNREACHABLE_CODE = YES;
				CLANG_WARN__DUPLICATE_METHOD_MATCH = YES;
				"CODE_SIGN_IDENTITY[sdk=iphoneos*]" = "iPhone Developer";
				COPY_PHASE_STRIP = NO;
				DEBUG_INFORMATION_FORMAT = "dwarf-with-dsym";
				ENABLE_NS_ASSERTIONS = NO;
				ENABLE_STRICT_OBJC_MSGSEND = YES;
				GCC_C_LANGUAGE_STANDARD = gnu99;
				GCC_NO_COMMON_BLOCKS = YES;
				GCC_WARN_64_TO_32_BIT_CONVERSION = YES;
				GCC_WARN_ABOUT_RETURN_TYPE = YES_ERROR;
				GCC_WARN_UNDECLARED_SELECTOR = YES;
				GCC_WARN_UNINITIALIZED_AUTOS = YES_AGGRESSIVE;
				GCC_WARN_UNUSED_FUNCTION = YES;
				GCC_WARN_UNUSED_VARIABLE = YES;
				IPHONEOS_DEPLOYMENT_TARGET = 8.0;
				MTL_ENABLE_DEBUG_INFO = NO;
				SDKROOT = iphoneos;
				SWIFT_OPTIMIZATION_LEVEL = "-Owholemodule";
				TARGETED_DEVICE_FAMILY = "1,2";
				VALIDATE_PRODUCT = YES;
			};
			name = Release;
		};
		A0A80C261E24C5C9005B91FB /* Debug */ = {
			isa = XCBuildConfiguration;
			buildSettings = {
				ASSETCATALOG_COMPILER_APPICON_NAME = AppIcon;
				DEVELOPMENT_TEAM = "";
				INFOPLIST_FILE = UIActivityViewControllerDemo/Info.plist;
				LD_RUNPATH_SEARCH_PATHS = "$(inherited) @executable_path/Frameworks";
				PRODUCT_BUNDLE_IDENTIFIER = yhw.UIActivityViewControllerDemo;
				PRODUCT_NAME = "$(TARGET_NAME)";
				SWIFT_VERSION = 3.0;
			};
			name = Debug;
		};
		A0A80C271E24C5C9005B91FB /* Release */ = {
			isa = XCBuildConfiguration;
			buildSettings = {
				ASSETCATALOG_COMPILER_APPICON_NAME = AppIcon;
				DEVELOPMENT_TEAM = "";
				INFOPLIST_FILE = UIActivityViewControllerDemo/Info.plist;
				LD_RUNPATH_SEARCH_PATHS = "$(inherited) @executable_path/Frameworks";
				PRODUCT_BUNDLE_IDENTIFIER = yhw.UIActivityViewControllerDemo;
				PRODUCT_NAME = "$(TARGET_NAME)";
				SWIFT_VERSION = 3.0;
			};
			name = Release;
		};
/* End XCBuildConfiguration section */

/* Begin XCConfigurationList section */
		A0A80C0E1E24C5C9005B91FB /* Build configuration list for PBXProject "UIActivityViewControllerDemo" */ = {
			isa = XCConfigurationList;
			buildConfigurations = (
				A0A80C231E24C5C9005B91FB /* Debug */,
				A0A80C241E24C5C9005B91FB /* Release */,
			);
			defaultConfigurationIsVisible = 0;
			defaultConfigurationName = Release;
		};
		A0A80C251E24C5C9005B91FB /* Build configuration list for PBXNativeTarget "UIActivityViewControllerDemo" */ = {
			isa = XCConfigurationList;
			buildConfigurations = (
				A0A80C261E24C5C9005B91FB /* Debug */,
				A0A80C271E24C5C9005B91FB /* Release */,
			);
			defaultConfigurationIsVisible = 0;
		};
/* End XCConfigurationList section */
	};
	rootObject = A0A80C0B1E24C5C9005B91FB /* Project object */;
}
